
Microsoft Visual Studio Solution File, Format Version 12.00
# Visual Studio Version 17
VisualStudioVersion = 17.4.33205.214
MinimumVisualStudioVersion = 10.0.40219.1
Project("{9092AA53-FB77-4645-B42D-1CCCA6BD08BD}") = "MovieSearch", "MovieSearch.njsproj", "{ACD7BD7D-909C-4436-A32D-69689AF290DB}"
EndProject
Global
	GlobalSection(SolutionConfigurationPlatforms) = preSolution
		Debug|Any CPU = Debug|Any CPU
		Release|Any CPU = Release|Any CPU
	EndGlobalSection
	GlobalSection(ProjectConfigurationPlatforms) = postSolution
		{ACD7BD7D-909C-4436-A32D-69689AF290DB}.Debug|Any CPU.ActiveCfg = Debug|Any CPU
		{ACD7BD7D-909C-4436-A32D-69689AF290DB}.Debug|Any CPU.Build.0 = Debug|Any CPU
		{ACD7BD7D-909C-4436-A32D-69689AF290DB}.Release|Any CPU.ActiveCfg = Release|Any CPU
		{ACD7BD7D-909C-4436-A32D-69689AF290DB}.Release|Any CPU.Build.0 = Release|Any CPU
	EndGlobalSection
	GlobalSection(SolutionProperties) = preSolution
		HideSolutionNode = FALSE
	EndGlobalSection
	GlobalSection(ExtensibilityGlobals) = postSolution
		SolutionGuid = {957AAFB9-9CCA-4309-B0A6-3DF2A9135823}
	EndGlobalSection
EndGlobal
